dependencies:
- name: k8s-ee-postgresql
  repository: file://../postgresql
  version: 1.1.0
- name: k8s-ee-mongodb
  repository: file://../mongodb
  version: 1.1.0
- name: k8s-ee-redis
  repository: file://../redis
  version: 1.1.0
- name: k8s-ee-minio
  repository: file://../minio
  version: 1.1.0
- name: k8s-ee-mariadb
  repository: file://../mariadb
  version: 1.0.0
digest: sha256:d5cf962583938dcd8cba302a3a2bb434eecb29d8e7e1b2946b09ff5ce3706649
generated: "2025-12-31T13:25:29.314156897-03:00"
