dependencies:
- name: k8s-ee-postgresql
  repository: oci://ghcr.io/genesluna/k8s-ephemeral-environments/charts
  version: 1.1.0
- name: k8s-ee-mongodb
  repository: oci://ghcr.io/genesluna/k8s-ephemeral-environments/charts
  version: 1.1.0
- name: k8s-ee-redis
  repository: oci://ghcr.io/genesluna/k8s-ephemeral-environments/charts
  version: 1.1.0
- name: k8s-ee-minio
  repository: oci://ghcr.io/genesluna/k8s-ephemeral-environments/charts
  version: 1.1.0
- name: k8s-ee-mariadb
  repository: oci://ghcr.io/genesluna/k8s-ephemeral-environments/charts
  version: 1.0.0
digest: sha256:cb54c5ec96906b232822d7273ae7f9fa8c4045c1a834a22f49131077c04b36ea
generated: "2025-12-31T14:05:45.97606863-03:00"
